{
  "name": "react-zoom-carousel",
  "version": "1.0.0",
  "lockfileVersion": 1,
  "requires": true,
  "dependencies": {
    "@fortawesome/fontawesome-common-types": {
      "version": "0.2.25",
      "resolved": "https://registry.npmjs.org/@fortawesome/fontawesome-common-types/-/fontawesome-common-types-0.2.25.tgz",
      "integrity": "sha512-3RuZPDuuPELd7RXtUqTCfed14fcny9UiPOkdr2i+cYxBoTOfQgxcDoq77fHiiHcgWuo1LoBUpvGxFF1H/y7s3Q=="
    },
    "@fortawesome/fontawesome-svg-core": {
      "version": "1.2.25",
      "resolved": "https://registry.npmjs.org/@fortawesome/fontawesome-svg-core/-/fontawesome-svg-core-1.2.25.tgz",
      "integrity": "sha512-MotKnn53JKqbkLQiwcZSBJVYtTgIKFbh7B8+kd05TSnfKYPFmjKKI59o2fpz5t0Hzl35vVGU6+N4twoOpZUrqA==",
      "requires": {
        "@fortawesome/fontawesome-common-types": "0.2.25"
      }
    },
    "@fortawesome/free-solid-svg-icons": {
      "version": "5.11.2",
      "resolved": "https://registry.npmjs.org/@fortawesome/free-solid-svg-icons/-/free-solid-svg-icons-5.11.2.tgz",
      "integrity": "sha512-zBue4i0PAZJUXOmLBBvM7L0O7wmsDC8dFv9IhpW5QL4kT9xhhVUsYg/LX1+5KaukWq4/cbDcKT+RT1aRe543sg==",
      "requires": {
        "@fortawesome/fontawesome-common-types": "0.2.25"
      }
    },
    "@fortawesome/react-fontawesome": {
      "version": "0.1.7",
      "resolved": "https://registry.npmjs.org/@fortawesome/react-fontawesome/-/react-fontawesome-0.1.7.tgz",
      "integrity": "sha512-AHWSzOsHBe5vqOkrvs+CKw+8eLl+0XZsVixOWhTPpGpOA8WQUbVU6J9cmtAvTaxUU5OIf+rgxxF8ZKc3BVldxg==",
      "requires": {
        "prop-types": "15.7.2"
      }
    },
    "js-tokens": {
      "version": "4.0.0",
      "resolved": "https://registry.npmjs.org/js-tokens/-/js-tokens-4.0.0.tgz",
      "integrity": "sha512-RdJUflcE3cUzKiMqQgsCu06FPu9UdIJO0beYbPhHN4k6apgJtifcoCtT9bcxOpYBtpD2kCM6Sbzg4CausW/PKQ=="
    },
    "loose-envify": {
      "version": "1.4.0",
      "resolved": "https://registry.npmjs.org/loose-envify/-/loose-envify-1.4.0.tgz",
      "integrity": "sha512-lyuxPGr/Wfhrlem2CL/UcnUc1zcqKAImBDzukY7Y5F/yQiNdko6+fRLevlw1HgMySw7f611UIY408EtxRSoK3Q==",
      "requires": {
        "js-tokens": "4.0.0"
      }
    },
    "object-assign": {
      "version": "4.1.1",
      "resolved": "https://registry.npmjs.org/object-assign/-/object-assign-4.1.1.tgz",
      "integrity": "sha1-IQmtx5ZYh8/AXLvUQsrIv7s2CGM="
    },
    "prop-types": {
      "version": "15.7.2",
      "resolved": "https://registry.npmjs.org/prop-types/-/prop-types-15.7.2.tgz",
      "integrity": "sha512-8QQikdH7//R2vurIJSutZ1smHYTcLpRWEOlHnzcWHmBYrOGUysKwSsrC89BCiFj3CbrfJ/nXFdJepOVrY1GCHQ==",
      "requires": {
        "loose-envify": "1.4.0",
        "object-assign": "4.1.1",
        "react-is": "16.10.2"
      }
    },
    "react-is": {
      "version": "16.10.2",
      "resolved": "https://registry.npmjs.org/react-is/-/react-is-16.10.2.tgz",
      "integrity": "sha512-INBT1QEgtcCCgvccr5/86CfD71fw9EPmDxgiJX4I2Ddr6ZsV6iFXsuby+qWJPtmNuMY0zByTsG4468P7nHuNWA=="
    },
    "react-pinch-and-zoom": {
      "version": "1.2.4",
      "resolved": "https://registry.npmjs.org/react-pinch-and-zoom/-/react-pinch-and-zoom-1.2.4.tgz",
      "integrity": "sha512-b7a8T3gXstrACnMo2GbQ4UfDxj6IxD6pb2O5U0UrEiQQIC4fqBcDqBAZC2jjYVfuOflb0sQEp+j+8B/84SgQGg=="
    },
    "react-responsive-pinch-zoom-pan": {
      "version": "0.2.2",
      "resolved": "https://registry.npmjs.org/react-responsive-pinch-zoom-pan/-/react-responsive-pinch-zoom-pan-0.2.2.tgz",
      "integrity": "sha512-YfbWzFijKjVEr3guV6gHakyT/HeS2ayDonlvYNu2ldDxz827y4SNUn9ME8vp08d7EqsA84GtPI9COyQEuWXxLw==",
      "requires": {
        "@fortawesome/fontawesome-svg-core": "1.2.25",
        "@fortawesome/free-solid-svg-icons": "5.11.2",
        "@fortawesome/react-fontawesome": "0.1.7",
        "reselect": "4.0.0",
        "warning": "4.0.3"
      }
    },
    "reselect": {
      "version": "4.0.0",
      "resolved": "https://registry.npmjs.org/reselect/-/reselect-4.0.0.tgz",
      "integrity": "sha512-qUgANli03jjAyGlnbYVAV5vvnOmJnODyABz51RdBN7M4WaVu8mecZWgyQNkG8Yqe3KRGRt0l4K4B3XVEULC4CA=="
    },
    "warning": {
      "version": "4.0.3",
      "resolved": "https://registry.npmjs.org/warning/-/warning-4.0.3.tgz",
      "integrity": "sha512-rpJyN222KWIvHJ/F53XSZv0Zl/accqHR8et1kpaMTD/fLCRxtV8iX8czMzY7sVZupTI3zcUTg8eycS2kNF9l6w==",
      "requires": {
        "loose-envify": "1.4.0"
      }
    }
  }
}
